
Microsoft Visual Studio Solution File, Format Version 12.00
# Visual Studio Version 16
VisualStudioVersion = 16.0.31313.79
MinimumVisualStudioVersion = 10.0.40219.1
Project("{FAE04EC0-301F-11D3-BF4B-00C04F79EFBC}") = "AppAnalyzing", "AppAnalyzing\AppAnalyzing.csproj", "{1CA47693-A450-4F6B-B3FA-2A589E45AD3B}"
EndProject
Global
	GlobalSection(SolutionConfigurationPlatforms) = preSolution
		Debug|Any CPU = Debug|Any CPU
		Release|Any CPU = Release|Any CPU
	EndGlobalSection
	GlobalSection(ProjectConfigurationPlatforms) = postSolution
		{1CA47693-A450-4F6B-B3FA-2A589E45AD3B}.Debug|Any CPU.ActiveCfg = Debug|Any CPU
		{1CA47693-A450-4F6B-B3FA-2A589E45AD3B}.Debug|Any CPU.Build.0 = Debug|Any CPU
		{1CA47693-A450-4F6B-B3FA-2A589E45AD3B}.Release|Any CPU.ActiveCfg = Release|Any CPU
		{1CA47693-A450-4F6B-B3FA-2A589E45AD3B}.Release|Any CPU.Build.0 = Release|Any CPU
	EndGlobalSection
	GlobalSection(SolutionProperties) = preSolution
		HideSolutionNode = FALSE
	EndGlobalSection
	GlobalSection(ExtensibilityGlobals) = postSolution
		SolutionGuid = {B549D4DB-E4CA-4153-8DD9-8B901107EEF1}
	EndGlobalSection
EndGlobal
